
Microsoft Visual Studio Solution File, Format Version 12.00
# Visual Studio Version 16
VisualStudioVersion = 16.0.34902.97
MinimumVisualStudioVersion = 10.0.40219.1
Project("{FAE04EC0-301F-11D3-BF4B-00C04F79EFBC}") = "KisallatHotel", "KisallatHotel\KisallatHotel.csproj", "{F20D0366-E934-41DE-8BA3-67BBEB8A361C}"
EndProject
Global
	GlobalSection(SolutionConfigurationPlatforms) = preSolution
		Debug|Any CPU = Debug|Any CPU
		Release|Any CPU = Release|Any CPU
	EndGlobalSection
	GlobalSection(ProjectConfigurationPlatforms) = postSolution
		{F20D0366-E934-41DE-8BA3-67BBEB8A361C}.Debug|Any CPU.ActiveCfg = Debug|Any CPU
		{F20D0366-E934-41DE-8BA3-67BBEB8A361C}.Debug|Any CPU.Build.0 = Debug|Any CPU
		{F20D0366-E934-41DE-8BA3-67BBEB8A361C}.Release|Any CPU.ActiveCfg = Release|Any CPU
		{F20D0366-E934-41DE-8BA3-67BBEB8A361C}.Release|Any CPU.Build.0 = Release|Any CPU
	EndGlobalSection
	GlobalSection(SolutionProperties) = preSolution
		HideSolutionNode = FALSE
	EndGlobalSection
	GlobalSection(ExtensibilityGlobals) = postSolution
		SolutionGuid = {533796EB-F3DF-4B46-A84A-49E60E4D3E9F}
	EndGlobalSection
EndGlobal
