
Microsoft Visual Studio Solution File, Format Version 12.00
# Visual Studio Version 16
VisualStudioVersion = 16.0.34902.97
MinimumVisualStudioVersion = 10.0.40219.1
Project("{FAE04EC0-301F-11D3-BF4B-00C04F79EFBC}") = "SutinapOOP", "SutinapOOP\SutinapOOP.csproj", "{AB5BC94B-437E-4920-AD7E-0586F013546A}"
EndProject
Global
	GlobalSection(SolutionConfigurationPlatforms) = preSolution
		Debug|Any CPU = Debug|Any CPU
		Release|Any CPU = Release|Any CPU
	EndGlobalSection
	GlobalSection(ProjectConfigurationPlatforms) = postSolution
		{AB5BC94B-437E-4920-AD7E-0586F013546A}.Debug|Any CPU.ActiveCfg = Debug|Any CPU
		{AB5BC94B-437E-4920-AD7E-0586F013546A}.Debug|Any CPU.Build.0 = Debug|Any CPU
		{AB5BC94B-437E-4920-AD7E-0586F013546A}.Release|Any CPU.ActiveCfg = Release|Any CPU
		{AB5BC94B-437E-4920-AD7E-0586F013546A}.Release|Any CPU.Build.0 = Release|Any CPU
	EndGlobalSection
	GlobalSection(SolutionProperties) = preSolution
		HideSolutionNode = FALSE
	EndGlobalSection
	GlobalSection(ExtensibilityGlobals) = postSolution
		SolutionGuid = {FE837D60-1A31-48F8-A7EF-8CFE2C5DF145}
	EndGlobalSection
EndGlobal
